
Microsoft Visual Studio Solution File, Format Version 12.00
# Visual Studio Version 17
VisualStudioVersion = 17.10.34928.147
MinimumVisualStudioVersion = 10.0.40219.1
Project("{9A19103F-16F7-4668-BE54-9A1E7A4F7556}") = "Catalog.API", "Catalog.API\Catalog.API.csproj", "{F93C4868-7921-4C68-BA5B-D11CD071A4FA}"
EndProject
Project("{E53339B2-1760-4266-BCC7-CA923CBCF16C}") = "docker-compose", "docker-compose.dcproj", "{1FB96429-D6E5-4451-9786-ABDBDA596462}"
EndProject
Project("{9A19103F-16F7-4668-BE54-9A1E7A4F7556}") = "Basket.API", "Basket.API\Basket.API.csproj", "{2D1359FE-EE9C-48BE-A0AB-C483A375823D}"
EndProject
Project("{FAE04EC0-301F-11D3-BF4B-00C04F79EFBC}") = "Discount.API", "Discount.API\Discount.API.csproj", "{F29B0767-5339-4597-B949-9BE2C91A654E}"
EndProject
Project("{FAE04EC0-301F-11D3-BF4B-00C04F79EFBC}") = "Discount.Grpc", "Discount.Grpc\Discount.Grpc.csproj", "{D5E810AE-BA57-40EE-9D03-8E02BAD880A9}"
EndProject
Global
	GlobalSection(SolutionConfigurationPlatforms) = preSolution
		Debug|Any CPU = Debug|Any CPU
		Release|Any CPU = Release|Any CPU
	EndGlobalSection
	GlobalSection(ProjectConfigurationPlatforms) = postSolution
		{F93C4868-7921-4C68-BA5B-D11CD071A4FA}.Debug|Any CPU.ActiveCfg = Debug|Any CPU
		{F93C4868-7921-4C68-BA5B-D11CD071A4FA}.Debug|Any CPU.Build.0 = Debug|Any CPU
		{F93C4868-7921-4C68-BA5B-D11CD071A4FA}.Release|Any CPU.ActiveCfg = Release|Any CPU
		{F93C4868-7921-4C68-BA5B-D11CD071A4FA}.Release|Any CPU.Build.0 = Release|Any CPU
		{1FB96429-D6E5-4451-9786-ABDBDA596462}.Debug|Any CPU.ActiveCfg = Debug|Any CPU
		{1FB96429-D6E5-4451-9786-ABDBDA596462}.Debug|Any CPU.Build.0 = Debug|Any CPU
		{1FB96429-D6E5-4451-9786-ABDBDA596462}.Release|Any CPU.ActiveCfg = Release|Any CPU
		{1FB96429-D6E5-4451-9786-ABDBDA596462}.Release|Any CPU.Build.0 = Release|Any CPU
		{2D1359FE-EE9C-48BE-A0AB-C483A375823D}.Debug|Any CPU.ActiveCfg = Debug|Any CPU
		{2D1359FE-EE9C-48BE-A0AB-C483A375823D}.Debug|Any CPU.Build.0 = Debug|Any CPU
		{2D1359FE-EE9C-48BE-A0AB-C483A375823D}.Release|Any CPU.ActiveCfg = Release|Any CPU
		{2D1359FE-EE9C-48BE-A0AB-C483A375823D}.Release|Any CPU.Build.0 = Release|Any CPU
		{F29B0767-5339-4597-B949-9BE2C91A654E}.Debug|Any CPU.ActiveCfg = Debug|Any CPU
		{F29B0767-5339-4597-B949-9BE2C91A654E}.Debug|Any CPU.Build.0 = Debug|Any CPU
		{F29B0767-5339-4597-B949-9BE2C91A654E}.Release|Any CPU.ActiveCfg = Release|Any CPU
		{F29B0767-5339-4597-B949-9BE2C91A654E}.Release|Any CPU.Build.0 = Release|Any CPU
		{D5E810AE-BA57-40EE-9D03-8E02BAD880A9}.Debug|Any CPU.ActiveCfg = Debug|Any CPU
		{D5E810AE-BA57-40EE-9D03-8E02BAD880A9}.Debug|Any CPU.Build.0 = Debug|Any CPU
		{D5E810AE-BA57-40EE-9D03-8E02BAD880A9}.Release|Any CPU.ActiveCfg = Release|Any CPU
		{D5E810AE-BA57-40EE-9D03-8E02BAD880A9}.Release|Any CPU.Build.0 = Release|Any CPU
	EndGlobalSection
	GlobalSection(SolutionProperties) = preSolution
		HideSolutionNode = FALSE
	EndGlobalSection
	GlobalSection(ExtensibilityGlobals) = postSolution
		SolutionGuid = {CB96FD50-45AC-4A23-8DEF-76F332456FAD}
	EndGlobalSection
EndGlobal
